<?xml version="1.0" encoding="utf-8"?>
<Project ToolsVersion="4.0" xmlns="http://schemas.microsoft.com/developer/msbuild/2003">
  <ItemGroup>
    <Filter Include="Source Files">
      <UniqueIdentifier>{4FC737F1-C7A5-4376-A066-2A32D752A2FF}</UniqueIdentifier>
      <Extensions>cpp;c;cc;cxx;c++;cppm;ixx;def;odl;idl;hpj;bat;asm;asmx</Extensions>
    </Filter>
    <Filter Include="Header Files">
      <UniqueIdentifier>{93995380-89BD-4b04-88EB-625FBE52EBFB}</UniqueIdentifier>
      <Extensions>h;hh;hpp;hxx;h++;hm;inl;inc;ipp;xsd</Extensions>
    </Filter>
    <Filter Include="Resource Files">
      <UniqueIdentifier>{67DA6AB6-F800-4c08-8B7A-83BB121AAD01}</UniqueIdentifier>
      <Extensions>rc;ico;cur;bmp;dlg;rc2;rct;bin;rgs;gif;jpg;jpeg;jpe;resx;tiff;tif;png;wav;mfcribbon-ms</Extensions>
    </Filter>
    <Filter Include="Source Files\Core">
      <UniqueIdentifier>{69ff7106-5058-443c-a59f-a369a45be98c}</UniqueIdentifier>
    </Filter>
    <Filter Include="Header Files\Core">
      <UniqueIdentifier>{dcbc4e49-2fac-4482-88a8-f1c458551cbf}</UniqueIdentifier>
    </Filter>
    <Filter Include="Header Files\Components">
      <UniqueIdentifier>{d225a748-a776-4bfa-aa98-b4c19963146c}</UniqueIdentifier>
    </Filter>
    <Filter Include="Source Files\Components">
      <UniqueIdentifier>{9ee62a05-21a5-450a-aee6-2fe07dfb5d69}</UniqueIdentifier>
    </Filter>
    <Filter Include="Header Files\Components\Obstacle Collision">
      <UniqueIdentifier>{ef1846bb-3ac5-4bc7-bb74-e8424d940573}</UniqueIdentifier>
    </Filter>
    <Filter Include="Source Files\Components\ObstacleCollision">
      <UniqueIdentifier>{5882d7b5-e423-43ab-839e-a0948733bba2}</UniqueIdentifier>
    </Filter>
  </ItemGroup>
  <ItemGroup>
    <ClCompile Include="Main.cpp">
      <Filter>Source Files\Core</Filter>
    </ClCompile>
    <ClCompile Include="PlatformerGameMode.cpp">
      <Filter>Source Files\Core</Filter>
    </ClCompile>
    <ClCompile Include="CharacterPhysicsComponent.cpp">
      <Filter>Source Files\Components</Filter>
    </ClCompile>
    <ClCompile Include="CharacterPhysicsComponentCollision.cpp">
      <Filter>Source Files\Components</Filter>
    </ClCompile>
    <ClCompile Include="ObstacleUpdateComponent.cpp">
      <Filter>Source Files\Components</Filter>
    </ClCompile>
    <ClCompile Include="PlayerUpdateComponent.cpp">
      <Filter>Source Files\Components</Filter>
    </ClCompile>
    <ClCompile Include="ObstacleCollisionComponent.cpp">
      <Filter>Source Files\Components\ObstacleCollision</Filter>
    </ClCompile>
    <ClCompile Include="ObstacleSolidCollisionComponent.cpp">
      <Filter>Source Files\Components\ObstacleCollision</Filter>
    </ClCompile>
    <ClCompile Include="ObstacleHarmfulCollisionComponent.cpp">
      <Filter>Source Files\Components\ObstacleCollision</Filter>
    </ClCompile>
    <ClCompile Include="PlatformerObjectFactory.cpp">
      <Filter>Source Files\Core</Filter>
    </ClCompile>
    <ClCompile Include="MovingObstacleUpdateComponent.cpp">
      <Filter>Source Files\Components</Filter>
    </ClCompile>
    <ClCompile Include="ExitDoorUpdateComponent.cpp">
      <Filter>Source Files</Filter>
    </ClCompile>
    <ClCompile Include="EnemyUpdateComponent.cpp">
      <Filter>Source Files</Filter>
    </ClCompile>
  </ItemGroup>
  <ItemGroup>
    <None Include="packages.config" />
  </ItemGroup>
  <ItemGroup>
    <ClInclude Include="PlatformerGameMode.h">
      <Filter>Header Files\Core</Filter>
    </ClInclude>
    <ClInclude Include="CharacterPhysicsComponent.h">
      <Filter>Header Files\Components</Filter>
    </ClInclude>
    <ClInclude Include="ObstacleUpdateComponent.h">
      <Filter>Header Files\Components</Filter>
    </ClInclude>
    <ClInclude Include="PlayerUpdateComponent.h">
      <Filter>Header Files\Components</Filter>
    </ClInclude>
    <ClInclude Include="ObstacleCollisionComponent.h">
      <Filter>Header Files\Components\Obstacle Collision</Filter>
    </ClInclude>
    <ClInclude Include="ObstacleSolidCollisionComponent.h">
      <Filter>Header Files\Components\Obstacle Collision</Filter>
    </ClInclude>
    <ClInclude Include="ObstacleHarmfulCollisionComponent.h">
      <Filter>Header Files\Components\Obstacle Collision</Filter>
    </ClInclude>
    <ClInclude Include="PlatformerObjectFactory.h">
      <Filter>Header Files\Core</Filter>
    </ClInclude>
    <ClInclude Include="MovingObstacleUpdateComponent.h">
      <Filter>Header Files\Components</Filter>
    </ClInclude>
    <ClInclude Include="ExitDoorUpdateComponent.h">
      <Filter>Header Files</Filter>
    </ClInclude>
    <ClInclude Include="EnemyUpdateComponent.h">
      <Filter>Header Files</Filter>
    </ClInclude>
  </ItemGroup>
</Project>